// !$*UTF8*$!
{
	archiveVersion = 1;
	classes = {
	};
	objectVersion = 48;
	objects = {

/* Begin PBXBuildFile section */
		8C0A9C0E20070D6300DA2C99 /* AppDelegate.m in Sources */ = {isa = PBXBuildFile; fileRef = 8C0A9C0D20070D6300DA2C99 /* AppDelegate.m */; };
		8C0A9C1120070D6300DA2C99 /* ViewController.m in Sources */ = {isa = PBXBuildFile; fileRef = 8C0A9C1020070D6300DA2C99 /* ViewController.m */; };
		8C0A9C1420070D6300DA2C99 /* Main.storyboard in Resources */ = {isa = PBXBuildFile; fileRef = 8C0A9C1220070D6300DA2C99 /* Main.storyboard */; };
		8C0A9C1620070D6300DA2C99 /* Assets.xcassets in Resources */ = {isa = PBXBuildFile; fileRef = 8C0A9C1520070D6300DA2C99 /* Assets.xcassets */; };
		8C0A9C1920070D6300DA2C99 /* LaunchScreen.storyboard in Resources */ = {isa = PBXBuildFile; fileRef = 8C0A9C1720070D6300DA2C99 /* LaunchScreen.storyboard */; };
		8C0A9C1C20070D6300DA2C99 /* main.m in Sources */ = {isa = PBXBuildFile; fileRef = 8C0A9C1B20070D6300DA2C99 /* main.m */; };
		8C0A9C2620070D6300DA2C99 /* UINavigationItem_backItemDemoTests.m in Sources */ = {isa = PBXBuildFile; fileRef = 8C0A9C2520070D6300DA2C99 /* UINavigationItem_backItemDemoTests.m */; };
		8C0A9C3120070D6300DA2C99 /* UINavigationItem_backItemDemoUITests.m in Sources */ = {isa = PBXBuildFile; fileRef = 8C0A9C3020070D6300DA2C99 /* UINavigationItem_backItemDemoUITests.m */; };
		8C0A9C4020070E3600DA2C99 /* TestViewController.m in Sources */ = {isa = PBXBuildFile; fileRef = 8C0A9C3F20070E3600DA2C99 /* TestViewController.m */; };
		8CDEE9C420075F930080E7BE /* UINavigationBar+BackItem_iOS11.m in Sources */ = {isa = PBXBuildFile; fileRef = 8CDEE9C020075F920080E7BE /* UINavigationBar+BackItem_iOS11.m */; };
		8CDEE9C520075F930080E7BE /* UINavigationItem+BackItem.m in Sources */ = {isa = PBXBuildFile; fileRef = 8CDEE9C120075F920080E7BE /* UINavigationItem+BackItem.m */; };
/* End PBXBuildFile section */

/* Begin PBXContainerItemProxy section */
		8C0A9C2220070D6300DA2C99 /* PBXContainerItemProxy */ = {
			isa = PBXContainerItemProxy;
			containerPortal = 8C0A9C0120070D6200DA2C99 /* Project object */;
			proxyType = 1;
			remoteGlobalIDString = 8C0A9C0820070D6300DA2C99;
			remoteInfo = "UINavigationItem-backItemDemo";
		};
		8C0A9C2D20070D6300DA2C99 /* PBXContainerItemProxy */ = {
			isa = PBXContainerItemProxy;
			containerPortal = 8C0A9C0120070D6200DA2C99 /* Project object */;
			proxyType = 1;
			remoteGlobalIDString = 8C0A9C0820070D6300DA2C99;
			remoteInfo = "UINavigationItem-backItemDemo";
		};
/* End PBXContainerItemProxy section */

/* Begin PBXFileReference section */
		8C0A9C0920070D6300DA2C99 /* UINavigationItem-backItemDemo.app */ = {isa = PBXFileReference; explicitFileType = wrapper.application; includeInIndex = 0; path = "UINavigationItem-backItemDemo.app"; sourceTree = BUILT_PRODUCTS_DIR; };
		8C0A9C0C20070D6300DA2C99 /* AppDelegate.h */ = {isa = PBXFileReference; lastKnownFileType = sourcecode.c.h; path = AppDelegate.h; sourceTree = "<group>"; };
		8C0A9C0D20070D6300DA2C99 /* AppDelegate.m */ = {isa = PBXFileReference; lastKnownFileType = sourcecode.c.objc; path = AppDelegate.m; sourceTree = "<group>"; };
		8C0A9C0F20070D6300DA2C99 /* ViewController.h */ = {isa = PBXFileReference; lastKnownFileType = sourcecode.c.h; path = ViewController.h; sourceTree = "<group>"; };
		8C0A9C1020070D6300DA2C99 /* ViewController.m */ = {isa = PBXFileReference; lastKnownFileType = sourcecode.c.objc; path = ViewController.m; sourceTree = "<group>"; };
		8C0A9C1320070D6300DA2C99 /* Base */ = {isa = PBXFileReference; lastKnownFileType = file.storyboard; name = Base; path = Base.lproj/Main.storyboard; sourceTree = "<group>"; };
		8C0A9C1520070D6300DA2C99 /* Assets.xcassets */ = {isa = PBXFileReference; lastKnownFileType = folder.assetcatalog; path = Assets.xcassets; sourceTree = "<group>"; };
		8C0A9C1820070D6300DA2C99 /* Base */ = {isa = PBXFileReference; lastKnownFileType = file.storyboard; name = Base; path = Base.lproj/LaunchScreen.storyboard; sourceTree = "<group>"; };
		8C0A9C1A20070D6300DA2C99 /* Info.plist */ = {isa = PBXFileReference; lastKnownFileType = text.plist.xml; path = Info.plist; sourceTree = "<group>"; };
		8C0A9C1B20070D6300DA2C99 /* main.m */ = {isa = PBXFileReference; lastKnownFileType = sourcecode.c.objc; path = main.m; sourceTree = "<group>"; };
		8C0A9C2120070D6300DA2C99 /* UINavigationItem-backItemDemoTests.xctest */ = {isa = PBXFileReference; explicitFileType = wrapper.cfbundle; includeInIndex = 0; path = "UINavigationItem-backItemDemoTests.xctest"; sourceTree = BUILT_PRODUCTS_DIR; };
		8C0A9C2520070D6300DA2C99 /* UINavigationItem_backItemDemoTests.m */ = {isa = PBXFileReference; lastKnownFileType = sourcecode.c.objc; path = UINavigationItem_backItemDemoTests.m; sourceTree = "<group>"; };
		8C0A9C2720070D6300DA2C99 /* Info.plist */ = {isa = PBXFileReference; lastKnownFileType = text.plist.xml; path = Info.plist; sourceTree = "<group>"; };
		8C0A9C2C20070D6300DA2C99 /* UINavigationItem-backItemDemoUITests.xctest */ = {isa = PBXFileReference; explicitFileType = wrapper.cfbundle; includeInIndex = 0; path = "UINavigationItem-backItemDemoUITests.xctest"; sourceTree = BUILT_PRODUCTS_DIR; };
		8C0A9C3020070D6300DA2C99 /* UINavigationItem_backItemDemoUITests.m */ = {isa = PBXFileReference; lastKnownFileType = sourcecode.c.objc; path = UINavigationItem_backItemDemoUITests.m; sourceTree = "<group>"; };
		8C0A9C3220070D6300DA2C99 /* Info.plist */ = {isa = PBXFileReference; lastKnownFileType = text.plist.xml; path = Info.plist; sourceTree = "<group>"; };
		8C0A9C3E20070E3600DA2C99 /* TestViewController.h */ = {isa = PBXFileReference; lastKnownFileType = sourcecode.c.h; path = TestViewController.h; sourceTree = "<group>"; };
		8C0A9C3F20070E3600DA2C99 /* TestViewController.m */ = {isa = PBXFileReference; lastKnownFileType = sourcecode.c.objc; path = TestViewController.m; sourceTree = "<group>"; };
		8CDEE9C020075F920080E7BE /* UINavigationBar+BackItem_iOS11.m */ = {isa = PBXFileReference; fileEncoding = 4; lastKnownFileType = sourcecode.c.objc; path = "UINavigationBar+BackItem_iOS11.m"; sourceTree = "<group>"; };
		8CDEE9C120075F920080E7BE /* UINavigationItem+BackItem.m */ = {isa = PBXFileReference; fileEncoding = 4; lastKnownFileType = sourcecode.c.objc; path = "UINavigationItem+BackItem.m"; sourceTree = "<group>"; };
		8CDEE9C220075F920080E7BE /* UINavigationBar+BackItem_iOS11.h */ = {isa = PBXFileReference; fileEncoding = 4; lastKnownFileType = sourcecode.c.h; path = "UINavigationBar+BackItem_iOS11.h"; sourceTree = "<group>"; };
		8CDEE9C320075F920080E7BE /* UINavigationItem+BackItem.h */ = {isa = PBXFileReference; fileEncoding = 4; lastKnownFileType = sourcecode.c.h; path = "UINavigationItem+BackItem.h"; sourceTree = "<group>"; };
/* End PBXFileReference section */

/* Begin PBXFrameworksBuildPhase section */
		8C0A9C0620070D6300DA2C99 /* Frameworks */ = {
			isa = PBXFrameworksBuildPhase;
			buildActionMask = 2147483647;
			files = (
			);
			runOnlyForDeploymentPostprocessing = 0;
		};
		8C0A9C1E20070D6300DA2C99 /* Frameworks */ = {
			isa = PBXFrameworksBuildPhase;
			buildActionMask = 2147483647;
			files = (
			);
			runOnlyForDeploymentPostprocessing = 0;
		};
		8C0A9C2920070D6300DA2C99 /* Frameworks */ = {
			isa = PBXFrameworksBuildPhase;
			buildActionMask = 2147483647;
			files = (
			);
			runOnlyForDeploymentPostprocessing = 0;
		};
/* End PBXFrameworksBuildPhase section */

/* Begin PBXGroup section */
		8C0A9C0020070D6200DA2C99 = {
			isa = PBXGroup;
			children = (
				8C0A9C0B20070D6300DA2C99 /* UINavigationItem-backItemDemo */,
				8C0A9C2420070D6300DA2C99 /* UINavigationItem-backItemDemoTests */,
				8C0A9C2F20070D6300DA2C99 /* UINavigationItem-backItemDemoUITests */,
				8C0A9C0A20070D6300DA2C99 /* Products */,
			);
			sourceTree = "<group>";
		};
		8C0A9C0A20070D6300DA2C99 /* Products */ = {
			isa = PBXGroup;
			children = (
				8C0A9C0920070D6300DA2C99 /* UINavigationItem-backItemDemo.app */,
				8C0A9C2120070D6300DA2C99 /* UINavigationItem-backItemDemoTests.xctest */,
				8C0A9C2C20070D6300DA2C99 /* UINavigationItem-backItemDemoUITests.xctest */,
			);
			name = Products;
			sourceTree = "<group>";
		};
		8C0A9C0B20070D6300DA2C99 /* UINavigationItem-backItemDemo */ = {
			isa = PBXGroup;
			children = (
				8CDEE9BF20075F7C0080E7BE /* categoreis */,
				8C0A9C0C20070D6300DA2C99 /* AppDelegate.h */,
				8C0A9C0D20070D6300DA2C99 /* AppDelegate.m */,
				8C0A9C0F20070D6300DA2C99 /* ViewController.h */,
				8C0A9C1020070D6300DA2C99 /* ViewController.m */,
				8C0A9C1220070D6300DA2C99 /* Main.storyboard */,
				8C0A9C1520070D6300DA2C99 /* Assets.xcassets */,
				8C0A9C1720070D6300DA2C99 /* LaunchScreen.storyboard */,
				8C0A9C1A20070D6300DA2C99 /* Info.plist */,
				8C0A9C1B20070D6300DA2C99 /* main.m */,
				8C0A9C3E20070E3600DA2C99 /* TestViewController.h */,
				8C0A9C3F20070E3600DA2C99 /* TestViewController.m */,
			);
			path = "UINavigationItem-backItemDemo";
			sourceTree = "<group>";
		};
		8C0A9C2420070D6300DA2C99 /* UINavigationItem-backItemDemoTests */ = {
			isa = PBXGroup;
			children = (
				8C0A9C2520070D6300DA2C99 /* UINavigationItem_backItemDemoTests.m */,
				8C0A9C2720070D6300DA2C99 /* Info.plist */,
			);
			path = "UINavigationItem-backItemDemoTests";
			sourceTree = "<group>";
		};
		8C0A9C2F20070D6300DA2C99 /* UINavigationItem-backItemDemoUITests */ = {
			isa = PBXGroup;
			children = (
				8C0A9C3020070D6300DA2C99 /* UINavigationItem_backItemDemoUITests.m */,
				8C0A9C3220070D6300DA2C99 /* Info.plist */,
			);
			path = "UINavigationItem-backItemDemoUITests";
			sourceTree = "<group>";
		};
		8CDEE9BF20075F7C0080E7BE /* categoreis */ = {
			isa = PBXGroup;
			children = (
				8CDEE9C220075F920080E7BE /* UINavigationBar+BackItem_iOS11.h */,
				8CDEE9C020075F920080E7BE /* UINavigationBar+BackItem_iOS11.m */,
				8CDEE9C320075F920080E7BE /* UINavigationItem+BackItem.h */,
				8CDEE9C120075F920080E7BE /* UINavigationItem+BackItem.m */,
			);
			path = categoreis;
			sourceTree = "<group>";
		};
/* End PBXGroup section */

/* Begin PBXNativeTarget section */
		8C0A9C0820070D6300DA2C99 /* UINavigationItem-backItemDemo */ = {
			isa = PBXNativeTarget;
			buildConfigurationList = 8C0A9C3520070D6300DA2C99 /* Build configuration list for PBXNativeTarget "UINavigationItem-backItemDemo" */;
			buildPhases = (
				8C0A9C0520070D6300DA2C99 /* Sources */,
				8C0A9C0620070D6300DA2C99 /* Frameworks */,
				8C0A9C0720070D6300DA2C99 /* Resources */,
			);
			buildRules = (
			);
			dependencies = (
			);
			name = "UINavigationItem-backItemDemo";
			productName = "UINavigationItem-backItemDemo";
			productReference = 8C0A9C0920070D6300DA2C99 /* UINavigationItem-backItemDemo.app */;
			productType = "com.apple.product-type.application";
		};
		8C0A9C2020070D6300DA2C99 /* UINavigationItem-backItemDemoTests */ = {
			isa = PBXNativeTarget;
			buildConfigurationList = 8C0A9C3820070D6300DA2C99 /* Build configuration list for PBXNativeTarget "UINavigationItem-backItemDemoTests" */;
			buildPhases = (
				8C0A9C1D20070D6300DA2C99 /* Sources */,
				8C0A9C1E20070D6300DA2C99 /* Frameworks */,
				8C0A9C1F20070D6300DA2C99 /* Resources */,
			);
			buildRules = (
			);
			dependencies = (
				8C0A9C2320070D6300DA2C99 /* PBXTargetDependency */,
			);
			name = "UINavigationItem-backItemDemoTests";
			productName = "UINavigationItem-backItemDemoTests";
			productReference = 8C0A9C2120070D6300DA2C99 /* UINavigationItem-backItemDemoTests.xctest */;
			productType = "com.apple.product-type.bundle.unit-test";
		};
		8C0A9C2B20070D6300DA2C99 /* UINavigationItem-backItemDemoUITests */ = {
			isa = PBXNativeTarget;
			buildConfigurationList = 8C0A9C3B20070D6300DA2C99 /* Build configuration list for PBXNativeTarget "UINavigationItem-backItemDemoUITests" */;
			buildPhases = (
				8C0A9C2820070D6300DA2C99 /* Sources */,
				8C0A9C2920070D6300DA2C99 /* Frameworks */,
				8C0A9C2A20070D6300DA2C99 /* Resources */,
			);
			buildRules = (
			);
			dependencies = (
				8C0A9C2E20070D6300DA2C99 /* PBXTargetDependency */,
			);
			name = "UINavigationItem-backItemDemoUITests";
			productName = "UINavigationItem-backItemDemoUITests";
			productReference = 8C0A9C2C20070D6300DA2C99 /* UINavigationItem-backItemDemoUITests.xctest */;
			productType = "com.apple.product-type.bundle.ui-testing";
		};
/* End PBXNativeTarget section */

/* Begin PBXProject section */
		8C0A9C0120070D6200DA2C99 /* Project object */ = {
			isa = PBXProject;
			attributes = {
				LastUpgradeCheck = 0920;
				ORGANIZATIONNAME = "马遥";
				TargetAttributes = {
					8C0A9C0820070D6300DA2C99 = {
						CreatedOnToolsVersion = 9.2;
						ProvisioningStyle = Automatic;
					};
					8C0A9C2020070D6300DA2C99 = {
						CreatedOnToolsVersion = 9.2;
						ProvisioningStyle = Automatic;
						TestTargetID = 8C0A9C0820070D6300DA2C99;
					};
					8C0A9C2B20070D6300DA2C99 = {
						CreatedOnToolsVersion = 9.2;
						ProvisioningStyle = Automatic;
						TestTargetID = 8C0A9C0820070D6300DA2C99;
					};
				};
			};
			buildConfigurationList = 8C0A9C0420070D6200DA2C99 /* Build configuration list for PBXProject "UINavigationItem-backItemDemo" */;
			compatibilityVersion = "Xcode 8.0";
			developmentRegion = en;
			hasScannedForEncodings = 0;
			knownRegions = (
				en,
				Base,
			);
			mainGroup = 8C0A9C0020070D6200DA2C99;
			productRefGroup = 8C0A9C0A20070D6300DA2C99 /* Products */;
			projectDirPath = "";
			projectRoot = "";
			targets = (
				8C0A9C0820070D6300DA2C99 /* UINavigationItem-backItemDemo */,
				8C0A9C2020070D6300DA2C99 /* UINavigationItem-backItemDemoTests */,
				8C0A9C2B20070D6300DA2C99 /* UINavigationItem-backItemDemoUITests */,
			);
		};
/* End PBXProject section */

/* Begin PBXResourcesBuildPhase section */
		8C0A9C0720070D6300DA2C99 /* Resources */ = {
			isa = PBXResourcesBuildPhase;
			buildActionMask = 2147483647;
			files = (
				8C0A9C1920070D6300DA2C99 /* LaunchScreen.storyboard in Resources */,
				8C0A9C1620070D6300DA2C99 /* Assets.xcassets in Resources */,
				8C0A9C1420070D6300DA2C99 /* Main.storyboard in Resources */,
			);
			runOnlyForDeploymentPostprocessing = 0;
		};
		8C0A9C1F20070D6300DA2C99 /* Resources */ = {
			isa = PBXResourcesBuildPhase;
			buildActionMask = 2147483647;
			files = (
			);
			runOnlyForDeploymentPostprocessing = 0;
		};
		8C0A9C2A20070D6300DA2C99 /* Resources */ = {
			isa = PBXResourcesBuildPhase;
			buildActionMask = 2147483647;
			files = (
			);
			runOnlyForDeploymentPostprocessing = 0;
		};
/* End PBXResourcesBuildPhase section */

/* Begin PBXSourcesBuildPhase section */
		8C0A9C0520070D6300DA2C99 /* Sources */ = {
			isa = PBXSourcesBuildPhase;
			buildActionMask = 2147483647;
			files = (
				8C0A9C1120070D6300DA2C99 /* ViewController.m in Sources */,
				8CDEE9C420075F930080E7BE /* UINavigationBar+BackItem_iOS11.m in Sources */,
				8C0A9C1C20070D6300DA2C99 /* main.m in Sources */,
				8C0A9C4020070E3600DA2C99 /* TestViewController.m in Sources */,
				8CDEE9C520075F930080E7BE /* UINavigationItem+BackItem.m in Sources */,
				8C0A9C0E20070D6300DA2C99 /* AppDelegate.m in Sources */,
			);
			runOnlyForDeploymentPostprocessing = 0;
		};
		8C0A9C1D20070D6300DA2C99 /* Sources */ = {
			isa = PBXSourcesBuildPhase;
			buildActionMask = 2147483647;
			files = (
				8C0A9C2620070D6300DA2C99 /* UINavigationItem_backItemDemoTests.m in Sources */,
			);
			runOnlyForDeploymentPostprocessing = 0;
		};
		8C0A9C2820070D6300DA2C99 /* Sources */ = {
			isa = PBXSourcesBuildPhase;
			buildActionMask = 2147483647;
			files = (
				8C0A9C3120070D6300DA2C99 /* UINavigationItem_backItemDemoUITests.m in Sources */,
			);
			runOnlyForDeploymentPostprocessing = 0;
		};
/* End PBXSourcesBuildPhase section */

/* Begin PBXTargetDependency section */
		8C0A9C2320070D6300DA2C99 /* PBXTargetDependency */ = {
			isa = PBXTargetDependency;
			target = 8C0A9C0820070D6300DA2C99 /* UINavigationItem-backItemDemo */;
			targetProxy = 8C0A9C2220070D6300DA2C99 /* PBXContainerItemProxy */;
		};
		8C0A9C2E20070D6300DA2C99 /* PBXTargetDependency */ = {
			isa = PBXTargetDependency;
			target = 8C0A9C0820070D6300DA2C99 /* UINavigationItem-backItemDemo */;
			targetProxy = 8C0A9C2D20070D6300DA2C99 /* PBXContainerItemProxy */;
		};
/* End PBXTargetDependency section */

/* Begin PBXVariantGroup section */
		8C0A9C1220070D6300DA2C99 /* Main.storyboard */ = {
			isa = PBXVariantGroup;
			children = (
				8C0A9C1320070D6300DA2C99 /* Base */,
			);
			name = Main.storyboard;
			sourceTree = "<group>";
		};
		8C0A9C1720070D6300DA2C99 /* LaunchScreen.storyboard */ = {
			isa = PBXVariantGroup;
			children = (
				8C0A9C1820070D6300DA2C99 /* Base */,
			);
			name = LaunchScreen.storyboard;
			sourceTree = "<group>";
		};
/* End PBXVariantGroup section */

/* Begin XCBuildConfiguration section */
		8C0A9C3320070D6300DA2C99 /* Debug */ = {
			isa = XCBuildConfiguration;
			buildSettings = {
				ALWAYS_SEARCH_USER_PATHS = NO;
				CLANG_ANALYZER_NONNULL = YES;
				CLANG_ANALYZER_NUMBER_OBJECT_CONVERSION = YES_AGGRESSIVE;
				CLANG_CXX_LANGUAGE_STANDARD = "gnu++14";
				CLANG_CXX_LIBRARY = "libc++";
				CLANG_ENABLE_MODULES = YES;
				CLANG_ENABLE_OBJC_ARC = YES;
				CLANG_WARN_BLOCK_CAPTURE_AUTORELEASING = YES;
				CLANG_WARN_BOOL_CONVERSION = YES;
				CLANG_WARN_COMMA = YES;
				CLANG_WARN_CONSTANT_CONVERSION = YES;
				CLANG_WARN_DIRECT_OBJC_ISA_USAGE = YES_ERROR;
				CLANG_WARN_DOCUMENTATION_COMMENTS = YES;
				CLANG_WARN_EMPTY_BODY = YES;
				CLANG_WARN_ENUM_CONVERSION = YES;
				CLANG_WARN_INFINITE_RECURSION = YES;
				CLANG_WARN_INT_CONVERSION = YES;
				CLANG_WARN_NON_LITERAL_NULL_CONVERSION = YES;
				CLANG_WARN_OBJC_LITERAL_CONVERSION = YES;
				CLANG_WARN_OBJC_ROOT_CLASS = YES_ERROR;
				CLANG_WARN_RANGE_LOOP_ANALYSIS = YES;
				CLANG_WARN_STRICT_PROTOTYPES = YES;
				CLANG_WARN_SUSPICIOUS_MOVE = YES;
				CLANG_WARN_UNGUARDED_AVAILABILITY = YES_AGGRESSIVE;
				CLANG_WARN_UNREACHABLE_CODE = YES;
				CLANG_WARN__DUPLICATE_METHOD_MATCH = YES;
				CODE_SIGN_IDENTITY = "iPhone Developer";
				COPY_PHASE_STRIP = NO;
				DEBUG_INFORMATION_FORMAT = dwarf;
				ENABLE_STRICT_OBJC_MSGSEND = YES;
				ENABLE_TESTABILITY = YES;
				GCC_C_LANGUAGE_STANDARD = gnu11;
				GCC_DYNAMIC_NO_PIC = NO;
				GCC_NO_COMMON_BLOCKS = YES;
				GCC_OPTIMIZATION_LEVEL = 0;
				GCC_PREPROCESSOR_DEFINITIONS = (
					"DEBUG=1",
					"$(inherited)",
				);
				GCC_WARN_64_TO_32_BIT_CONVERSION = YES;
				GCC_WARN_ABOUT_RETURN_TYPE = YES_ERROR;
				GCC_WARN_UNDECLARED_SELECTOR = YES;
				GCC_WARN_UNINITIALIZED_AUTOS = YES_AGGRESSIVE;
				GCC_WARN_UNUSED_FUNCTION = YES;
				GCC_WARN_UNUSED_VARIABLE = YES;
				IPHONEOS_DEPLOYMENT_TARGET = 11.2;
				MTL_ENABLE_DEBUG_INFO = YES;
				ONLY_ACTIVE_ARCH = YES;
				SDKROOT = iphoneos;
			};
			name = Debug;
		};
		8C0A9C3420070D6300DA2C99 /* Release */ = {
			isa = XCBuildConfiguration;
			buildSettings = {
				ALWAYS_SEARCH_USER_PATHS = NO;
				CLANG_ANALYZER_NONNULL = YES;
				CLANG_ANALYZER_NUMBER_OBJECT_CONVERSION = YES_AGGRESSIVE;
				CLANG_CXX_LANGUAGE_STANDARD = "gnu++14";
				CLANG_CXX_LIBRARY = "libc++";
				CLANG_ENABLE_MODULES = YES;
				CLANG_ENABLE_OBJC_ARC = YES;
				CLANG_WARN_BLOCK_CAPTURE_AUTORELEASING = YES;
				CLANG_WARN_BOOL_CONVERSION = YES;
				CLANG_WARN_COMMA = YES;
				CLANG_WARN_CONSTANT_CONVERSION = YES;
				CLANG_WARN_DIRECT_OBJC_ISA_USAGE = YES_ERROR;
				CLANG_WARN_DOCUMENTATION_COMMENTS = YES;
				CLANG_WARN_EMPTY_BODY = YES;
				CLANG_WARN_ENUM_CONVERSION = YES;
				CLANG_WARN_INFINITE_RECURSION = YES;
				CLANG_WARN_INT_CONVERSION = YES;
				CLANG_WARN_NON_LITERAL_NULL_CONVERSION = YES;
				CLANG_WARN_OBJC_LITERAL_CONVERSION = YES;
				CLANG_WARN_OBJC_ROOT_CLASS = YES_ERROR;
				CLANG_WARN_RANGE_LOOP_ANALYSIS = YES;
				CLANG_WARN_STRICT_PROTOTYPES = YES;
				CLANG_WARN_SUSPICIOUS_MOVE = YES;
				CLANG_WARN_UNGUARDED_AVAILABILITY = YES_AGGRESSIVE;
				CLANG_WARN_UNREACHABLE_CODE = YES;
				CLANG_WARN__DUPLICATE_METHOD_MATCH = YES;
				CODE_SIGN_IDENTITY = "iPhone Developer";
				COPY_PHASE_STRIP = NO;
				DEBUG_INFORMATION_FORMAT = "dwarf-with-dsym";
				ENABLE_NS_ASSERTIONS = NO;
				ENABLE_STRICT_OBJC_MSGSEND = YES;
				GCC_C_LANGUAGE_STANDARD = gnu11;
				GCC_NO_COMMON_BLOCKS = YES;
				GCC_WARN_64_TO_32_BIT_CONVERSION = YES;
				GCC_WARN_ABOUT_RETURN_TYPE = YES_ERROR;
				GCC_WARN_UNDECLARED_SELECTOR = YES;
				GCC_WARN_UNINITIALIZED_AUTOS = YES_AGGRESSIVE;
				GCC_WARN_UNUSED_FUNCTION = YES;
				GCC_WARN_UNUSED_VARIABLE = YES;
				IPHONEOS_DEPLOYMENT_TARGET = 11.2;
				MTL_ENABLE_DEBUG_INFO = NO;
				SDKROOT = iphoneos;
				VALIDATE_PRODUCT = YES;
			};
			name = Release;
		};
		8C0A9C3620070D6300DA2C99 /* Debug */ = {
			isa = XCBuildConfiguration;
			buildSettings = {
				ASSETCATALOG_COMPILER_APPICON_NAME = AppIcon;
				CODE_SIGN_STYLE = Automatic;
				DEVELOPMENT_TEAM = F692N24C9P;
				INFOPLIST_FILE = "UINavigationItem-backItemDemo/Info.plist";
				IPHONEOS_DEPLOYMENT_TARGET = 9.0;
				LD_RUNPATH_SEARCH_PATHS = "$(inherited) @executable_path/Frameworks";
				PRODUCT_BUNDLE_IDENTIFIER = "com.mervin1024.practice.UINavigationItem-backItemDemo";
				PRODUCT_NAME = "$(TARGET_NAME)";
				TARGETED_DEVICE_FAMILY = "1,2";
			};
			name = Debug;
		};
		8C0A9C3720070D6300DA2C99 /* Release */ = {
			isa = XCBuildConfiguration;
			buildSettings = {
				ASSETCATALOG_COMPILER_APPICON_NAME = AppIcon;
				CODE_SIGN_STYLE = Automatic;
				DEVELOPMENT_TEAM = F692N24C9P;
				INFOPLIST_FILE = "UINavigationItem-backItemDemo/Info.plist";
				IPHONEOS_DEPLOYMENT_TARGET = 9.0;
				LD_RUNPATH_SEARCH_PATHS = "$(inherited) @executable_path/Frameworks";
				PRODUCT_BUNDLE_IDENTIFIER = "com.mervin1024.practice.UINavigationItem-backItemDemo";
				PRODUCT_NAME = "$(TARGET_NAME)";
				TARGETED_DEVICE_FAMILY = "1,2";
			};
			name = Release;
		};
		8C0A9C3920070D6300DA2C99 /* Debug */ = {
			isa = XCBuildConfiguration;
			buildSettings = {
				BUNDLE_LOADER = "$(TEST_HOST)";
				CODE_SIGN_STYLE = Automatic;
				DEVELOPMENT_TEAM = F692N24C9P;
				INFOPLIST_FILE = "UINavigationItem-backItemDemoTests/Info.plist";
				LD_RUNPATH_SEARCH_PATHS = "$(inherited) @executable_path/Frameworks @loader_path/Frameworks";
				PRODUCT_BUNDLE_IDENTIFIER = "com.mervin1024.practice.UINavigationItem-backItemDemoTests";
				PRODUCT_NAME = "$(TARGET_NAME)";
				TARGETED_DEVICE_FAMILY = "1,2";
				TEST_HOST = "$(BUILT_PRODUCTS_DIR)/UINavigationItem-backItemDemo.app/UINavigationItem-backItemDemo";
			};
			name = Debug;
		};
		8C0A9C3A20070D6300DA2C99 /* Release */ = {
			isa = XCBuildConfiguration;
			buildSettings = {
				BUNDLE_LOADER = "$(TEST_HOST)";
				CODE_SIGN_STYLE = Automatic;
				DEVELOPMENT_TEAM = F692N24C9P;
				INFOPLIST_FILE = "UINavigationItem-backItemDemoTests/Info.plist";
				LD_RUNPATH_SEARCH_PATHS = "$(inherited) @executable_path/Frameworks @loader_path/Frameworks";
				PRODUCT_BUNDLE_IDENTIFIER = "com.mervin1024.practice.UINavigationItem-backItemDemoTests";
				PRODUCT_NAME = "$(TARGET_NAME)";
				TARGETED_DEVICE_FAMILY = "1,2";
				TEST_HOST = "$(BUILT_PRODUCTS_DIR)/UINavigationItem-backItemDemo.app/UINavigationItem-backItemDemo";
			};
			name = Release;
		};
		8C0A9C3C20070D6300DA2C99 /* Debug */ = {
			isa = XCBuildConfiguration;
			buildSettings = {
				CODE_SIGN_STYLE = Automatic;
				DEVELOPMENT_TEAM = F692N24C9P;
				INFOPLIST_FILE = "UINavigationItem-backItemDemoUITests/Info.plist";
				LD_RUNPATH_SEARCH_PATHS = "$(inherited) @executable_path/Frameworks @loader_path/Frameworks";
				PRODUCT_BUNDLE_IDENTIFIER = "com.mervin1024.practice.UINavigationItem-backItemDemoUITests";
				PRODUCT_NAME = "$(TARGET_NAME)";
				TARGETED_DEVICE_FAMILY = "1,2";
				TEST_TARGET_NAME = "UINavigationItem-backItemDemo";
			};
			name = Debug;
		};
		8C0A9C3D20070D6300DA2C99 /* Release */ = {
			isa = XCBuildConfiguration;
			buildSettings = {
				CODE_SIGN_STYLE = Automatic;
				DEVELOPMENT_TEAM = F692N24C9P;
				INFOPLIST_FILE = "UINavigationItem-backItemDemoUITests/Info.plist";
				LD_RUNPATH_SEARCH_PATHS = "$(inherited) @executable_path/Frameworks @loader_path/Frameworks";
				PRODUCT_BUNDLE_IDENTIFIER = "com.mervin1024.practice.UINavigationItem-backItemDemoUITests";
				PRODUCT_NAME = "$(TARGET_NAME)";
				TARGETED_DEVICE_FAMILY = "1,2";
				TEST_TARGET_NAME = "UINavigationItem-backItemDemo";
			};
			name = Release;
		};
/* End XCBuildConfiguration section */

/* Begin XCConfigurationList section */
		8C0A9C0420070D6200DA2C99 /* Build configuration list for PBXProject "UINavigationItem-backItemDemo" */ = {
			isa = XCConfigurationList;
			buildConfigurations = (
				8C0A9C3320070D6300DA2C99 /* Debug */,
				8C0A9C3420070D6300DA2C99 /* Release */,
			);
			defaultConfigurationIsVisible = 0;
			defaultConfigurationName = Release;
		};
		8C0A9C3520070D6300DA2C99 /* Build configuration list for PBXNativeTarget "UINavigationItem-backItemDemo" */ = {
			isa = XCConfigurationList;
			buildConfigurations = (
				8C0A9C3620070D6300DA2C99 /* Debug */,
				8C0A9C3720070D6300DA2C99 /* Release */,
			);
			defaultConfigurationIsVisible = 0;
			defaultConfigurationName = Release;
		};
		8C0A9C3820070D6300DA2C99 /* Build configuration list for PBXNativeTarget "UINavigationItem-backItemDemoTests" */ = {
			isa = XCConfigurationList;
			buildConfigurations = (
				8C0A9C3920070D6300DA2C99 /* Debug */,
				8C0A9C3A20070D6300DA2C99 /* Release */,
			);
			defaultConfigurationIsVisible = 0;
			defaultConfigurationName = Release;
		};
		8C0A9C3B20070D6300DA2C99 /* Build configuration list for PBXNativeTarget "UINavigationItem-backItemDemoUITests" */ = {
			isa = XCConfigurationList;
			buildConfigurations = (
				8C0A9C3C20070D6300DA2C99 /* Debug */,
				8C0A9C3D20070D6300DA2C99 /* Release */,
			);
			defaultConfigurationIsVisible = 0;
			defaultConfigurationName = Release;
		};
/* End XCConfigurationList section */
	};
	rootObject = 8C0A9C0120070D6200DA2C99 /* Project object */;
}
